
Microsoft Visual Studio Solution File, Format Version 12.00
# Visual Studio Version 17
VisualStudioVersion = 17.11.35312.102
MinimumVisualStudioVersion = 10.0.40219.1
Project("{FAE04EC0-301F-11D3-BF4B-00C04F79EFBC}") = "ProyectoPrueba", "ProyectoPrueba\ProyectoPrueba.csproj", "{7146790B-176B-4574-842C-FFB4456397D7}"
EndProject
Global
	GlobalSection(SolutionConfigurationPlatforms) = preSolution
		Debug|Any CPU = Debug|Any CPU
		Release|Any CPU = Release|Any CPU
	EndGlobalSection
	GlobalSection(ProjectConfigurationPlatforms) = postSolution
		{7146790B-176B-4574-842C-FFB4456397D7}.Debug|Any CPU.ActiveCfg = Debug|Any CPU
		{7146790B-176B-4574-842C-FFB4456397D7}.Debug|Any CPU.Build.0 = Debug|Any CPU
		{7146790B-176B-4574-842C-FFB4456397D7}.Release|Any CPU.ActiveCfg = Release|Any CPU
		{7146790B-176B-4574-842C-FFB4456397D7}.Release|Any CPU.Build.0 = Release|Any CPU
	EndGlobalSection
	GlobalSection(SolutionProperties) = preSolution
		HideSolutionNode = FALSE
	EndGlobalSection
	GlobalSection(ExtensibilityGlobals) = postSolution
		SolutionGuid = {E4F0B00F-3FE3-4A2A-962C-D78F0B97734B}
	EndGlobalSection
EndGlobal
